
Microsoft Visual Studio Solution File, Format Version 12.00
# Visual Studio Version 16
VisualStudioVersion = 16.0.31515.178
MinimumVisualStudioVersion = 10.0.40219.1
Project("{FAE04EC0-301F-11D3-BF4B-00C04F79EFBC}") = "FIT5120Project", "FIT5120Project.csproj", "{92E1D529-0D53-47BD-8A64-B55FDA3F039A}"
EndProject
Global
	GlobalSection(SolutionConfigurationPlatforms) = preSolution
		Debug|Any CPU = Debug|Any CPU
		Release|Any CPU = Release|Any CPU
	EndGlobalSection
	GlobalSection(ProjectConfigurationPlatforms) = postSolution
		{92E1D529-0D53-47BD-8A64-B55FDA3F039A}.Debug|Any CPU.ActiveCfg = Debug|Any CPU
		{92E1D529-0D53-47BD-8A64-B55FDA3F039A}.Debug|Any CPU.Build.0 = Debug|Any CPU
		{92E1D529-0D53-47BD-8A64-B55FDA3F039A}.Release|Any CPU.ActiveCfg = Release|Any CPU
		{92E1D529-0D53-47BD-8A64-B55FDA3F039A}.Release|Any CPU.Build.0 = Release|Any CPU
	EndGlobalSection
	GlobalSection(SolutionProperties) = preSolution
		HideSolutionNode = FALSE
	EndGlobalSection
	GlobalSection(ExtensibilityGlobals) = postSolution
		SolutionGuid = {C42B46EF-94C0-43B2-B3A5-96EDDD2C96FE}
	EndGlobalSection
EndGlobal
