
Microsoft Visual Studio Solution File, Format Version 12.00
# Visual Studio Version 16
VisualStudioVersion = 16.0.31515.178
MinimumVisualStudioVersion = 10.0.40219.1
Project("{FAE04EC0-301F-11D3-BF4B-00C04F79EFBC}") = "FIT5120-OnboardingProject", "FIT5120-OnboardingProject.csproj", "{0CF3BD86-927C-477E-AFE9-73AD1002BFFE}"
EndProject
Global
	GlobalSection(SolutionConfigurationPlatforms) = preSolution
		Debug|Any CPU = Debug|Any CPU
		Release|Any CPU = Release|Any CPU
	EndGlobalSection
	GlobalSection(ProjectConfigurationPlatforms) = postSolution
		{0CF3BD86-927C-477E-AFE9-73AD1002BFFE}.Debug|Any CPU.ActiveCfg = Debug|Any CPU
		{0CF3BD86-927C-477E-AFE9-73AD1002BFFE}.Debug|Any CPU.Build.0 = Debug|Any CPU
		{0CF3BD86-927C-477E-AFE9-73AD1002BFFE}.Release|Any CPU.ActiveCfg = Release|Any CPU
		{0CF3BD86-927C-477E-AFE9-73AD1002BFFE}.Release|Any CPU.Build.0 = Release|Any CPU
	EndGlobalSection
	GlobalSection(SolutionProperties) = preSolution
		HideSolutionNode = FALSE
	EndGlobalSection
	GlobalSection(ExtensibilityGlobals) = postSolution
		SolutionGuid = {0A65963D-6314-4FCB-86AA-5B81FB202500}
	EndGlobalSection
EndGlobal
